
Microsoft Visual Studio Solution File, Format Version 12.00
# Visual Studio Version 17
VisualStudioVersion = 17.13.36105.23 d17.13
MinimumVisualStudioVersion = 10.0.40219.1
Project("{FAE04EC0-301F-11D3-BF4B-00C04F79EFBC}") = "Freels", "Freels\Freels.csproj", "{CC27B451-0F40-4145-B5A5-955EBD9C921A}"
EndProject
Global
	GlobalSection(SolutionConfigurationPlatforms) = preSolution
		Debug|Any CPU = Debug|Any CPU
		Release|Any CPU = Release|Any CPU
	EndGlobalSection
	GlobalSection(ProjectConfigurationPlatforms) = postSolution
		{CC27B451-0F40-4145-B5A5-955EBD9C921A}.Debug|Any CPU.ActiveCfg = Debug|Any CPU
		{CC27B451-0F40-4145-B5A5-955EBD9C921A}.Debug|Any CPU.Build.0 = Debug|Any CPU
		{CC27B451-0F40-4145-B5A5-955EBD9C921A}.Release|Any CPU.ActiveCfg = Release|Any CPU
		{CC27B451-0F40-4145-B5A5-955EBD9C921A}.Release|Any CPU.Build.0 = Release|Any CPU
	EndGlobalSection
	GlobalSection(SolutionProperties) = preSolution
		HideSolutionNode = FALSE
	EndGlobalSection
	GlobalSection(ExtensibilityGlobals) = postSolution
		SolutionGuid = {B955C1C6-3942-4D52-ADF3-876E61E5B1AA}
	EndGlobalSection
EndGlobal
